{
  "name": "preact-chartist",
  "version": "0.15.0",
  "lockfileVersion": 1,
  "requires": true,
  "dependencies": {
    "@types/chartist": {
      "version": "0.9.48",
      "resolved": "https://registry.npmjs.org/@types/chartist/-/chartist-0.9.48.tgz",
      "integrity": "sha512-whqb8v+GHdmqczmIZa+lypR/crR7lrW2paE1Y6u/u2mgKZhDB5AyV+F9SWEPVoEpCYCdvr8qmJACKSofeMShGg==",
      "dev": true
    },
    "chartist": {
      "version": "1.1.2",
      "resolved": "https://registry.npmjs.org/chartist/-/chartist-1.1.2.tgz",
      "integrity": "sha512-ccz4ob0rkW6ayxmge3CYkNhwiKLhmz9u2j8WCJw0MUbtQavGuL2KX0GrVntkohSSBgqogqeANFPIigeGrFoTKQ==",
      "dev": true
    },
    "preact": {
      "version": "8.5.3",
      "resolved": "https://registry.npmjs.org/preact/-/preact-8.5.3.tgz",
      "integrity": "sha512-O3kKP+1YdgqHOFsZF2a9JVdtqD+RPzCQc3rP+Ualf7V6rmRDchZ9MJbiGTT7LuyqFKZqlHSOyO/oMFmI2lVTsw==",
      "dev": true
    }
  }
}
